
Microsoft Visual Studio Solution File, Format Version 12.00
# Visual Studio Version 17
VisualStudioVersion = 17.8.34525.116
MinimumVisualStudioVersion = 10.0.40219.1
Project("{FAE04EC0-301F-11D3-BF4B-00C04F79EFBC}") = "Lab1_Play", "Lab1_Play\Lab1_Play.csproj", "{5CEC1435-4F2E-4F63-8782-7E0817CE4D1D}"
EndProject
Global
	GlobalSection(SolutionConfigurationPlatforms) = preSolution
		Debug|Any CPU = Debug|Any CPU
		Release|Any CPU = Release|Any CPU
	EndGlobalSection
	GlobalSection(ProjectConfigurationPlatforms) = postSolution
		{5CEC1435-4F2E-4F63-8782-7E0817CE4D1D}.Debug|Any CPU.ActiveCfg = Debug|Any CPU
		{5CEC1435-4F2E-4F63-8782-7E0817CE4D1D}.Debug|Any CPU.Build.0 = Debug|Any CPU
		{5CEC1435-4F2E-4F63-8782-7E0817CE4D1D}.Release|Any CPU.ActiveCfg = Release|Any CPU
		{5CEC1435-4F2E-4F63-8782-7E0817CE4D1D}.Release|Any CPU.Build.0 = Release|Any CPU
	EndGlobalSection
	GlobalSection(SolutionProperties) = preSolution
		HideSolutionNode = FALSE
	EndGlobalSection
	GlobalSection(ExtensibilityGlobals) = postSolution
		SolutionGuid = {DCE1FC87-3966-4DD4-8812-2B4D716EF7A9}
	EndGlobalSection
EndGlobal
